
Microsoft Visual Studio Solution File, Format Version 12.00
# Visual Studio Version 17
VisualStudioVersion = 17.0.32014.148
MinimumVisualStudioVersion = 10.0.40219.1
Project("{FAE04EC0-301F-11D3-BF4B-00C04F79EFBC}") = "LinuxTerminalEmulatorUI", "TinuxTerminalEmulatorUI\LinuxTerminalEmulatorUI.csproj", "{0CE90ECD-DABA-48BB-A343-FAF6FFD63613}"
EndProject
Global
	GlobalSection(SolutionConfigurationPlatforms) = preSolution
		Debug|Any CPU = Debug|Any CPU
		Release|Any CPU = Release|Any CPU
	EndGlobalSection
	GlobalSection(ProjectConfigurationPlatforms) = postSolution
		{0CE90ECD-DABA-48BB-A343-FAF6FFD63613}.Debug|Any CPU.ActiveCfg = Debug|Any CPU
		{0CE90ECD-DABA-48BB-A343-FAF6FFD63613}.Debug|Any CPU.Build.0 = Debug|Any CPU
		{0CE90ECD-DABA-48BB-A343-FAF6FFD63613}.Release|Any CPU.ActiveCfg = Release|Any CPU
		{0CE90ECD-DABA-48BB-A343-FAF6FFD63613}.Release|Any CPU.Build.0 = Release|Any CPU
	EndGlobalSection
	GlobalSection(SolutionProperties) = preSolution
		HideSolutionNode = FALSE
	EndGlobalSection
	GlobalSection(ExtensibilityGlobals) = postSolution
		SolutionGuid = {BF0DB369-48C1-4478-A679-9E95EA5CD6D5}
	EndGlobalSection
EndGlobal
